
Microsoft Visual Studio Solution File, Format Version 12.00
# Visual Studio Version 17
VisualStudioVersion = 17.14.36203.30
MinimumVisualStudioVersion = 10.0.40219.1
Project("{FAE04EC0-301F-11D3-BF4B-00C04F79EFBC}") = "NUnitTest", "NUnitTest\NUnitTest.csproj", "{27077424-7B12-4938-9467-50D3F4499326}"
EndProject
Project("{FAE04EC0-301F-11D3-BF4B-00C04F79EFBC}") = "LocalMessage", "LocalMessage\LocalMessage.csproj", "{0F017292-16ED-B76C-5A9E-D4E1E17F4E2C}"
EndProject
Global
	GlobalSection(SolutionConfigurationPlatforms) = preSolution
		Debug|Any CPU = Debug|Any CPU
		Release|Any CPU = Release|Any CPU
	EndGlobalSection
	GlobalSection(ProjectConfigurationPlatforms) = postSolution
		{27077424-7B12-4938-9467-50D3F4499326}.Debug|Any CPU.ActiveCfg = Debug|Any CPU
		{27077424-7B12-4938-9467-50D3F4499326}.Debug|Any CPU.Build.0 = Debug|Any CPU
		{27077424-7B12-4938-9467-50D3F4499326}.Release|Any CPU.ActiveCfg = Release|Any CPU
		{27077424-7B12-4938-9467-50D3F4499326}.Release|Any CPU.Build.0 = Release|Any CPU
		{0F017292-16ED-B76C-5A9E-D4E1E17F4E2C}.Debug|Any CPU.ActiveCfg = Debug|Any CPU
		{0F017292-16ED-B76C-5A9E-D4E1E17F4E2C}.Debug|Any CPU.Build.0 = Debug|Any CPU
		{0F017292-16ED-B76C-5A9E-D4E1E17F4E2C}.Release|Any CPU.ActiveCfg = Release|Any CPU
		{0F017292-16ED-B76C-5A9E-D4E1E17F4E2C}.Release|Any CPU.Build.0 = Release|Any CPU
	EndGlobalSection
	GlobalSection(SolutionProperties) = preSolution
		HideSolutionNode = FALSE
	EndGlobalSection
	GlobalSection(ExtensibilityGlobals) = postSolution
		SolutionGuid = {87168C17-A585-4938-85D5-A12938EC37E3}
	EndGlobalSection
EndGlobal
